
Microsoft Visual Studio Solution File, Format Version 12.00
# Visual Studio 15
VisualStudioVersion = 15.0.27130.2027
MinimumVisualStudioVersion = 10.0.40219.1
Project("{FAE04EC0-301F-11D3-BF4B-00C04F79EFBC}") = "microbus.core", "microbus.core\microbus.core.csproj", "{D6ADDB16-6491-4B86-BD64-EC830D373F58}"
EndProject
Global
	GlobalSection(SolutionConfigurationPlatforms) = preSolution
		Debug|Any CPU = Debug|Any CPU
		Release|Any CPU = Release|Any CPU
	EndGlobalSection
	GlobalSection(ProjectConfigurationPlatforms) = postSolution
		{D6ADDB16-6491-4B86-BD64-EC830D373F58}.Debug|Any CPU.ActiveCfg = Debug|Any CPU
		{D6ADDB16-6491-4B86-BD64-EC830D373F58}.Debug|Any CPU.Build.0 = Debug|Any CPU
		{D6ADDB16-6491-4B86-BD64-EC830D373F58}.Release|Any CPU.ActiveCfg = Release|Any CPU
		{D6ADDB16-6491-4B86-BD64-EC830D373F58}.Release|Any CPU.Build.0 = Release|Any CPU
	EndGlobalSection
	GlobalSection(SolutionProperties) = preSolution
		HideSolutionNode = FALSE
	EndGlobalSection
	GlobalSection(ExtensibilityGlobals) = postSolution
		SolutionGuid = {59AAC6D7-EF92-4436-9D2D-C23138035ECA}
	EndGlobalSection
EndGlobal
